
Microsoft Visual Studio Solution File, Format Version 12.00
# Visual Studio Version 16
VisualStudioVersion = 16.0.30204.135
MinimumVisualStudioVersion = 10.0.40219.1
Project("{FAE04EC0-301F-11D3-BF4B-00C04F79EFBC}") = "BazeZklj.Server", "BazeZklj\Server\BazeZklj.Server.csproj", "{C21F15D7-FE9C-479F-887E-6EA9B88DD193}"
EndProject
Project("{FAE04EC0-301F-11D3-BF4B-00C04F79EFBC}") = "BazeZklj.Client", "BazeZklj\Client\BazeZklj.Client.csproj", "{61ADA728-F145-4916-8AE6-9EC41EA8E50A}"
EndProject
Project("{FAE04EC0-301F-11D3-BF4B-00C04F79EFBC}") = "BazeZklj.Shared", "BazeZklj\Shared\BazeZklj.Shared.csproj", "{15804958-53E1-4885-A86A-1A359CF6174A}"
EndProject
Global
	GlobalSection(SolutionConfigurationPlatforms) = preSolution
		Debug|Any CPU = Debug|Any CPU
		Release|Any CPU = Release|Any CPU
	EndGlobalSection
	GlobalSection(ProjectConfigurationPlatforms) = postSolution
		{C21F15D7-FE9C-479F-887E-6EA9B88DD193}.Debug|Any CPU.ActiveCfg = Debug|Any CPU
		{C21F15D7-FE9C-479F-887E-6EA9B88DD193}.Debug|Any CPU.Build.0 = Debug|Any CPU
		{C21F15D7-FE9C-479F-887E-6EA9B88DD193}.Release|Any CPU.ActiveCfg = Release|Any CPU
		{C21F15D7-FE9C-479F-887E-6EA9B88DD193}.Release|Any CPU.Build.0 = Release|Any CPU
		{61ADA728-F145-4916-8AE6-9EC41EA8E50A}.Debug|Any CPU.ActiveCfg = Debug|Any CPU
		{61ADA728-F145-4916-8AE6-9EC41EA8E50A}.Debug|Any CPU.Build.0 = Debug|Any CPU
		{61ADA728-F145-4916-8AE6-9EC41EA8E50A}.Release|Any CPU.ActiveCfg = Release|Any CPU
		{61ADA728-F145-4916-8AE6-9EC41EA8E50A}.Release|Any CPU.Build.0 = Release|Any CPU
		{15804958-53E1-4885-A86A-1A359CF6174A}.Debug|Any CPU.ActiveCfg = Debug|Any CPU
		{15804958-53E1-4885-A86A-1A359CF6174A}.Debug|Any CPU.Build.0 = Debug|Any CPU
		{15804958-53E1-4885-A86A-1A359CF6174A}.Release|Any CPU.ActiveCfg = Release|Any CPU
		{15804958-53E1-4885-A86A-1A359CF6174A}.Release|Any CPU.Build.0 = Release|Any CPU
	EndGlobalSection
	GlobalSection(SolutionProperties) = preSolution
		HideSolutionNode = FALSE
	EndGlobalSection
	GlobalSection(ExtensibilityGlobals) = postSolution
		SolutionGuid = {8A1CED3C-2B7D-4998-8C18-ECEB30DED305}
	EndGlobalSection
EndGlobal
